
Microsoft Visual Studio Solution File, Format Version 12.00
# Visual Studio Version 17
VisualStudioVersion = 17.7.34031.279
MinimumVisualStudioVersion = 10.0.40219.1
Project("{FAE04EC0-301F-11D3-BF4B-00C04F79EFBC}") = "App1.Android", "App1\App1.Android\App1.Android.csproj", "{226A236C-BE90-4504-A6A7-0AC69B101E91}"
EndProject
Project("{FAE04EC0-301F-11D3-BF4B-00C04F79EFBC}") = "App1.iOS", "App1\App1.iOS\App1.iOS.csproj", "{CA1585E4-12B1-4638-9F9F-EBA884EF7BE9}"
EndProject
Project("{FAE04EC0-301F-11D3-BF4B-00C04F79EFBC}") = "App1", "App1\App1\App1.csproj", "{EBDB5A22-EF2B-42AA-BF75-DF1A0BB6A1BD}"
EndProject
Global
	GlobalSection(SolutionConfigurationPlatforms) = preSolution
		Debug|Any CPU = Debug|Any CPU
		Debug|iPhone = Debug|iPhone
		Debug|iPhoneSimulator = Debug|iPhoneSimulator
		Release|Any CPU = Release|Any CPU
		Release|iPhone = Release|iPhone
		Release|iPhoneSimulator = Release|iPhoneSimulator
	EndGlobalSection
	GlobalSection(ProjectConfigurationPlatforms) = postSolution
		{226A236C-BE90-4504-A6A7-0AC69B101E91}.Debug|Any CPU.ActiveCfg = Debug|Any CPU
		{226A236C-BE90-4504-A6A7-0AC69B101E91}.Debug|Any CPU.Build.0 = Debug|Any CPU
		{226A236C-BE90-4504-A6A7-0AC69B101E91}.Debug|Any CPU.Deploy.0 = Debug|Any CPU
		{226A236C-BE90-4504-A6A7-0AC69B101E91}.Debug|iPhone.ActiveCfg = Debug|Any CPU
		{226A236C-BE90-4504-A6A7-0AC69B101E91}.Debug|iPhone.Build.0 = Debug|Any CPU
		{226A236C-BE90-4504-A6A7-0AC69B101E91}.Debug|iPhone.Deploy.0 = Debug|Any CPU
		{226A236C-BE90-4504-A6A7-0AC69B101E91}.Debug|iPhoneSimulator.ActiveCfg = Debug|Any CPU
		{226A236C-BE90-4504-A6A7-0AC69B101E91}.Debug|iPhoneSimulator.Build.0 = Debug|Any CPU
		{226A236C-BE90-4504-A6A7-0AC69B101E91}.Debug|iPhoneSimulator.Deploy.0 = Debug|Any CPU
		{226A236C-BE90-4504-A6A7-0AC69B101E91}.Release|Any CPU.ActiveCfg = Release|Any CPU
		{226A236C-BE90-4504-A6A7-0AC69B101E91}.Release|Any CPU.Build.0 = Release|Any CPU
		{226A236C-BE90-4504-A6A7-0AC69B101E91}.Release|Any CPU.Deploy.0 = Release|Any CPU
		{226A236C-BE90-4504-A6A7-0AC69B101E91}.Release|iPhone.ActiveCfg = Release|Any CPU
		{226A236C-BE90-4504-A6A7-0AC69B101E91}.Release|iPhone.Build.0 = Release|Any CPU
		{226A236C-BE90-4504-A6A7-0AC69B101E91}.Release|iPhone.Deploy.0 = Release|Any CPU
		{226A236C-BE90-4504-A6A7-0AC69B101E91}.Release|iPhoneSimulator.ActiveCfg = Release|Any CPU
		{226A236C-BE90-4504-A6A7-0AC69B101E91}.Release|iPhoneSimulator.Build.0 = Release|Any CPU
		{226A236C-BE90-4504-A6A7-0AC69B101E91}.Release|iPhoneSimulator.Deploy.0 = Release|Any CPU
		{CA1585E4-12B1-4638-9F9F-EBA884EF7BE9}.Debug|Any CPU.ActiveCfg = Debug|iPhone
		{CA1585E4-12B1-4638-9F9F-EBA884EF7BE9}.Debug|Any CPU.Build.0 = Debug|iPhone
		{CA1585E4-12B1-4638-9F9F-EBA884EF7BE9}.Debug|Any CPU.Deploy.0 = Debug|iPhone
		{CA1585E4-12B1-4638-9F9F-EBA884EF7BE9}.Debug|iPhone.ActiveCfg = Debug|iPhone
		{CA1585E4-12B1-4638-9F9F-EBA884EF7BE9}.Debug|iPhone.Build.0 = Debug|iPhone
		{CA1585E4-12B1-4638-9F9F-EBA884EF7BE9}.Debug|iPhone.Deploy.0 = Debug|iPhone
		{CA1585E4-12B1-4638-9F9F-EBA884EF7BE9}.Debug|iPhoneSimulator.ActiveCfg = Debug|iPhoneSimulator
		{CA1585E4-12B1-4638-9F9F-EBA884EF7BE9}.Debug|iPhoneSimulator.Build.0 = Debug|iPhoneSimulator
		{CA1585E4-12B1-4638-9F9F-EBA884EF7BE9}.Debug|iPhoneSimulator.Deploy.0 = Debug|iPhoneSimulator
		{CA1585E4-12B1-4638-9F9F-EBA884EF7BE9}.Release|Any CPU.ActiveCfg = Release|iPhoneSimulator
		{CA1585E4-12B1-4638-9F9F-EBA884EF7BE9}.Release|Any CPU.Build.0 = Release|iPhoneSimulator
		{CA1585E4-12B1-4638-9F9F-EBA884EF7BE9}.Release|Any CPU.Deploy.0 = Release|iPhoneSimulator
		{CA1585E4-12B1-4638-9F9F-EBA884EF7BE9}.Release|iPhone.ActiveCfg = Release|iPhone
		{CA1585E4-12B1-4638-9F9F-EBA884EF7BE9}.Release|iPhone.Build.0 = Release|iPhone
		{CA1585E4-12B1-4638-9F9F-EBA884EF7BE9}.Release|iPhone.Deploy.0 = Release|iPhone
		{CA1585E4-12B1-4638-9F9F-EBA884EF7BE9}.Release|iPhoneSimulator.ActiveCfg = Release|iPhoneSimulator
		{CA1585E4-12B1-4638-9F9F-EBA884EF7BE9}.Release|iPhoneSimulator.Build.0 = Release|iPhoneSimulator
		{CA1585E4-12B1-4638-9F9F-EBA884EF7BE9}.Release|iPhoneSimulator.Deploy.0 = Release|iPhoneSimulator
		{EBDB5A22-EF2B-42AA-BF75-DF1A0BB6A1BD}.Debug|Any CPU.ActiveCfg = Debug|Any CPU
		{EBDB5A22-EF2B-42AA-BF75-DF1A0BB6A1BD}.Debug|Any CPU.Build.0 = Debug|Any CPU
		{EBDB5A22-EF2B-42AA-BF75-DF1A0BB6A1BD}.Debug|Any CPU.Deploy.0 = Debug|Any CPU
		{EBDB5A22-EF2B-42AA-BF75-DF1A0BB6A1BD}.Debug|iPhone.ActiveCfg = Debug|Any CPU
		{EBDB5A22-EF2B-42AA-BF75-DF1A0BB6A1BD}.Debug|iPhone.Build.0 = Debug|Any CPU
		{EBDB5A22-EF2B-42AA-BF75-DF1A0BB6A1BD}.Debug|iPhone.Deploy.0 = Debug|Any CPU
		{EBDB5A22-EF2B-42AA-BF75-DF1A0BB6A1BD}.Debug|iPhoneSimulator.ActiveCfg = Debug|Any CPU
		{EBDB5A22-EF2B-42AA-BF75-DF1A0BB6A1BD}.Debug|iPhoneSimulator.Build.0 = Debug|Any CPU
		{EBDB5A22-EF2B-42AA-BF75-DF1A0BB6A1BD}.Debug|iPhoneSimulator.Deploy.0 = Debug|Any CPU
		{EBDB5A22-EF2B-42AA-BF75-DF1A0BB6A1BD}.Release|Any CPU.ActiveCfg = Release|Any CPU
		{EBDB5A22-EF2B-42AA-BF75-DF1A0BB6A1BD}.Release|Any CPU.Build.0 = Release|Any CPU
		{EBDB5A22-EF2B-42AA-BF75-DF1A0BB6A1BD}.Release|Any CPU.Deploy.0 = Release|Any CPU
		{EBDB5A22-EF2B-42AA-BF75-DF1A0BB6A1BD}.Release|iPhone.ActiveCfg = Release|Any CPU
		{EBDB5A22-EF2B-42AA-BF75-DF1A0BB6A1BD}.Release|iPhone.Build.0 = Release|Any CPU
		{EBDB5A22-EF2B-42AA-BF75-DF1A0BB6A1BD}.Release|iPhone.Deploy.0 = Release|Any CPU
		{EBDB5A22-EF2B-42AA-BF75-DF1A0BB6A1BD}.Release|iPhoneSimulator.ActiveCfg = Release|Any CPU
		{EBDB5A22-EF2B-42AA-BF75-DF1A0BB6A1BD}.Release|iPhoneSimulator.Build.0 = Release|Any CPU
		{EBDB5A22-EF2B-42AA-BF75-DF1A0BB6A1BD}.Release|iPhoneSimulator.Deploy.0 = Release|Any CPU
	EndGlobalSection
	GlobalSection(SolutionProperties) = preSolution
		HideSolutionNode = FALSE
	EndGlobalSection
	GlobalSection(ExtensibilityGlobals) = postSolution
		SolutionGuid = {C5AE82AA-2062-49BA-966D-897601E0BB46}
	EndGlobalSection
EndGlobal
